
Microsoft Visual Studio Solution File, Format Version 12.00
# Visual Studio Version 16
VisualStudioVersion = 16.0.29326.143
MinimumVisualStudioVersion = 10.0.40219.1
Project("{FAE04EC0-301F-11D3-BF4B-00C04F79EFBC}") = "ProjectCheck", "ProjectCheck\ProjectCheck.csproj", "{3CB4C8FE-6448-428D-AB55-2C08AED51AFA}"
EndProject
Global
	GlobalSection(SolutionConfigurationPlatforms) = preSolution
		Debug|Any CPU = Debug|Any CPU
		Release|Any CPU = Release|Any CPU
	EndGlobalSection
	GlobalSection(ProjectConfigurationPlatforms) = postSolution
		{3CB4C8FE-6448-428D-AB55-2C08AED51AFA}.Debug|Any CPU.ActiveCfg = Debug|Any CPU
		{3CB4C8FE-6448-428D-AB55-2C08AED51AFA}.Debug|Any CPU.Build.0 = Debug|Any CPU
		{3CB4C8FE-6448-428D-AB55-2C08AED51AFA}.Release|Any CPU.ActiveCfg = Release|Any CPU
		{3CB4C8FE-6448-428D-AB55-2C08AED51AFA}.Release|Any CPU.Build.0 = Release|Any CPU
	EndGlobalSection
	GlobalSection(SolutionProperties) = preSolution
		HideSolutionNode = FALSE
	EndGlobalSection
	GlobalSection(ExtensibilityGlobals) = postSolution
		SolutionGuid = {599E1541-E8B4-4B03-99C6-6983F6BA0864}
	EndGlobalSection
EndGlobal
